
Microsoft Visual Studio Solution File, Format Version 12.00
# Visual Studio Version 17
VisualStudioVersion = 17.10.35013.160
MinimumVisualStudioVersion = 10.0.40219.1
Project("{FAE04EC0-301F-11D3-BF4B-00C04F79EFBC}") = "StudyPlatform", "StudyPlatform.csproj", "{94B86014-320F-4117-A137-5A51B2E916EC}"
EndProject
Global
	GlobalSection(SolutionConfigurationPlatforms) = preSolution
		Debug|Any CPU = Debug|Any CPU
		Release|Any CPU = Release|Any CPU
	EndGlobalSection
	GlobalSection(ProjectConfigurationPlatforms) = postSolution
		{94B86014-320F-4117-A137-5A51B2E916EC}.Debug|Any CPU.ActiveCfg = Debug|Any CPU
		{94B86014-320F-4117-A137-5A51B2E916EC}.Debug|Any CPU.Build.0 = Debug|Any CPU
		{94B86014-320F-4117-A137-5A51B2E916EC}.Release|Any CPU.ActiveCfg = Release|Any CPU
		{94B86014-320F-4117-A137-5A51B2E916EC}.Release|Any CPU.Build.0 = Release|Any CPU
	EndGlobalSection
	GlobalSection(SolutionProperties) = preSolution
		HideSolutionNode = FALSE
	EndGlobalSection
	GlobalSection(ExtensibilityGlobals) = postSolution
		SolutionGuid = {B9D0141C-DACF-467B-BA25-9ADB8749478C}
	EndGlobalSection
EndGlobal
